
Microsoft Visual Studio Solution File, Format Version 12.00
Project("{FAE04EC0-301F-11D3-BF4B-00C04F79EFBC}") = "DemoPET3.Repository", "DemoPET3.Repository\DemoPET3.Repository.csproj", "{C19B15C5-4031-4D20-90D0-788931E602F1}"
EndProject
Project("{FAE04EC0-301F-11D3-BF4B-00C04F79EFBC}") = "DemoPET3.WebApp", "DemoPET3.WebApp\DemoPET3.WebApp.csproj", "{48B6D244-A600-4D90-948E-C0D9AFAF4C70}"
EndProject
Global
	GlobalSection(SolutionConfigurationPlatforms) = preSolution
		Debug|Any CPU = Debug|Any CPU
		Release|Any CPU = Release|Any CPU
	EndGlobalSection
	GlobalSection(ProjectConfigurationPlatforms) = postSolution
		{C19B15C5-4031-4D20-90D0-788931E602F1}.Debug|Any CPU.ActiveCfg = Debug|Any CPU
		{C19B15C5-4031-4D20-90D0-788931E602F1}.Debug|Any CPU.Build.0 = Debug|Any CPU
		{C19B15C5-4031-4D20-90D0-788931E602F1}.Release|Any CPU.ActiveCfg = Release|Any CPU
		{C19B15C5-4031-4D20-90D0-788931E602F1}.Release|Any CPU.Build.0 = Release|Any CPU
		{48B6D244-A600-4D90-948E-C0D9AFAF4C70}.Debug|Any CPU.ActiveCfg = Debug|Any CPU
		{48B6D244-A600-4D90-948E-C0D9AFAF4C70}.Debug|Any CPU.Build.0 = Debug|Any CPU
		{48B6D244-A600-4D90-948E-C0D9AFAF4C70}.Release|Any CPU.ActiveCfg = Release|Any CPU
		{48B6D244-A600-4D90-948E-C0D9AFAF4C70}.Release|Any CPU.Build.0 = Release|Any CPU
	EndGlobalSection
EndGlobal
